
Microsoft Visual Studio Solution File, Format Version 12.00
# Visual Studio 15
VisualStudioVersion = 15.0.28307.489
MinimumVisualStudioVersion = 10.0.40219.1
Project("{9A19103F-16F7-4668-BE54-9A1E7A4F7556}") = "WhetherRealmApp", "WhetherRealmApp\WhetherRealmApp\WhetherRealmApp.csproj", "{5FB86708-6C8A-43C9-8211-A667F60EE329}"
EndProject
Project("{FAE04EC0-301F-11D3-BF4B-00C04F79EFBC}") = "WhetherRealmApp.Android", "WhetherRealmApp\WhetherRealmApp.Android\WhetherRealmApp.Android.csproj", "{7150B42F-1669-4A25-B2CF-A9C461632117}"
EndProject
Project("{FAE04EC0-301F-11D3-BF4B-00C04F79EFBC}") = "WhetherRealmApp.iOS", "WhetherRealmApp\WhetherRealmApp.iOS\WhetherRealmApp.iOS.csproj", "{1E89597A-7F1D-4068-B894-6A55DA024146}"
EndProject
Global
	GlobalSection(SolutionConfigurationPlatforms) = preSolution
		Ad-Hoc|Any CPU = Ad-Hoc|Any CPU
		Ad-Hoc|iPhone = Ad-Hoc|iPhone
		Ad-Hoc|iPhoneSimulator = Ad-Hoc|iPhoneSimulator
		AppStore|Any CPU = AppStore|Any CPU
		AppStore|iPhone = AppStore|iPhone
		AppStore|iPhoneSimulator = AppStore|iPhoneSimulator
		Debug|Any CPU = Debug|Any CPU
		Debug|iPhone = Debug|iPhone
		Debug|iPhoneSimulator = Debug|iPhoneSimulator
		Release|Any CPU = Release|Any CPU
		Release|iPhone = Release|iPhone
		Release|iPhoneSimulator = Release|iPhoneSimulator
	EndGlobalSection
	GlobalSection(ProjectConfigurationPlatforms) = postSolution
		{5FB86708-6C8A-43C9-8211-A667F60EE329}.Ad-Hoc|Any CPU.ActiveCfg = Debug|Any CPU
		{5FB86708-6C8A-43C9-8211-A667F60EE329}.Ad-Hoc|Any CPU.Build.0 = Debug|Any CPU
		{5FB86708-6C8A-43C9-8211-A667F60EE329}.Ad-Hoc|iPhone.ActiveCfg = Debug|Any CPU
		{5FB86708-6C8A-43C9-8211-A667F60EE329}.Ad-Hoc|iPhone.Build.0 = Debug|Any CPU
		{5FB86708-6C8A-43C9-8211-A667F60EE329}.Ad-Hoc|iPhoneSimulator.ActiveCfg = Debug|Any CPU
		{5FB86708-6C8A-43C9-8211-A667F60EE329}.Ad-Hoc|iPhoneSimulator.Build.0 = Debug|Any CPU
		{5FB86708-6C8A-43C9-8211-A667F60EE329}.AppStore|Any CPU.ActiveCfg = Debug|Any CPU
		{5FB86708-6C8A-43C9-8211-A667F60EE329}.AppStore|Any CPU.Build.0 = Debug|Any CPU
		{5FB86708-6C8A-43C9-8211-A667F60EE329}.AppStore|iPhone.ActiveCfg = Debug|Any CPU
		{5FB86708-6C8A-43C9-8211-A667F60EE329}.AppStore|iPhone.Build.0 = Debug|Any CPU
		{5FB86708-6C8A-43C9-8211-A667F60EE329}.AppStore|iPhoneSimulator.ActiveCfg = Debug|Any CPU
		{5FB86708-6C8A-43C9-8211-A667F60EE329}.AppStore|iPhoneSimulator.Build.0 = Debug|Any CPU
		{5FB86708-6C8A-43C9-8211-A667F60EE329}.Debug|Any CPU.ActiveCfg = Debug|Any CPU
		{5FB86708-6C8A-43C9-8211-A667F60EE329}.Debug|Any CPU.Build.0 = Debug|Any CPU
		{5FB86708-6C8A-43C9-8211-A667F60EE329}.Debug|iPhone.ActiveCfg = Debug|Any CPU
		{5FB86708-6C8A-43C9-8211-A667F60EE329}.Debug|iPhone.Build.0 = Debug|Any CPU
		{5FB86708-6C8A-43C9-8211-A667F60EE329}.Debug|iPhoneSimulator.ActiveCfg = Debug|Any CPU
		{5FB86708-6C8A-43C9-8211-A667F60EE329}.Debug|iPhoneSimulator.Build.0 = Debug|Any CPU
		{5FB86708-6C8A-43C9-8211-A667F60EE329}.Release|Any CPU.ActiveCfg = Release|Any CPU
		{5FB86708-6C8A-43C9-8211-A667F60EE329}.Release|Any CPU.Build.0 = Release|Any CPU
		{5FB86708-6C8A-43C9-8211-A667F60EE329}.Release|iPhone.ActiveCfg = Release|Any CPU
		{5FB86708-6C8A-43C9-8211-A667F60EE329}.Release|iPhone.Build.0 = Release|Any CPU
		{5FB86708-6C8A-43C9-8211-A667F60EE329}.Release|iPhoneSimulator.ActiveCfg = Release|Any CPU
		{5FB86708-6C8A-43C9-8211-A667F60EE329}.Release|iPhoneSimulator.Build.0 = Release|Any CPU
		{7150B42F-1669-4A25-B2CF-A9C461632117}.Ad-Hoc|Any CPU.ActiveCfg = Release|Any CPU
		{7150B42F-1669-4A25-B2CF-A9C461632117}.Ad-Hoc|Any CPU.Build.0 = Release|Any CPU
		{7150B42F-1669-4A25-B2CF-A9C461632117}.Ad-Hoc|Any CPU.Deploy.0 = Release|Any CPU
		{7150B42F-1669-4A25-B2CF-A9C461632117}.Ad-Hoc|iPhone.ActiveCfg = Release|Any CPU
		{7150B42F-1669-4A25-B2CF-A9C461632117}.Ad-Hoc|iPhone.Build.0 = Release|Any CPU
		{7150B42F-1669-4A25-B2CF-A9C461632117}.Ad-Hoc|iPhone.Deploy.0 = Release|Any CPU
		{7150B42F-1669-4A25-B2CF-A9C461632117}.Ad-Hoc|iPhoneSimulator.ActiveCfg = Release|Any CPU
		{7150B42F-1669-4A25-B2CF-A9C461632117}.Ad-Hoc|iPhoneSimulator.Build.0 = Release|Any CPU
		{7150B42F-1669-4A25-B2CF-A9C461632117}.Ad-Hoc|iPhoneSimulator.Deploy.0 = Release|Any CPU
		{7150B42F-1669-4A25-B2CF-A9C461632117}.AppStore|Any CPU.ActiveCfg = Release|Any CPU
		{7150B42F-1669-4A25-B2CF-A9C461632117}.AppStore|Any CPU.Build.0 = Release|Any CPU
		{7150B42F-1669-4A25-B2CF-A9C461632117}.AppStore|Any CPU.Deploy.0 = Release|Any CPU
		{7150B42F-1669-4A25-B2CF-A9C461632117}.AppStore|iPhone.ActiveCfg = Release|Any CPU
		{7150B42F-1669-4A25-B2CF-A9C461632117}.AppStore|iPhone.Build.0 = Release|Any CPU
		{7150B42F-1669-4A25-B2CF-A9C461632117}.AppStore|iPhone.Deploy.0 = Release|Any CPU
		{7150B42F-1669-4A25-B2CF-A9C461632117}.AppStore|iPhoneSimulator.ActiveCfg = Release|Any CPU
		{7150B42F-1669-4A25-B2CF-A9C461632117}.AppStore|iPhoneSimulator.Build.0 = Release|Any CPU
		{7150B42F-1669-4A25-B2CF-A9C461632117}.AppStore|iPhoneSimulator.Deploy.0 = Release|Any CPU
		{7150B42F-1669-4A25-B2CF-A9C461632117}.Debug|Any CPU.ActiveCfg = Debug|Any CPU
		{7150B42F-1669-4A25-B2CF-A9C461632117}.Debug|Any CPU.Build.0 = Debug|Any CPU
		{7150B42F-1669-4A25-B2CF-A9C461632117}.Debug|Any CPU.Deploy.0 = Debug|Any CPU
		{7150B42F-1669-4A25-B2CF-A9C461632117}.Debug|iPhone.ActiveCfg = Debug|Any CPU
		{7150B42F-1669-4A25-B2CF-A9C461632117}.Debug|iPhone.Build.0 = Debug|Any CPU
		{7150B42F-1669-4A25-B2CF-A9C461632117}.Debug|iPhone.Deploy.0 = Debug|Any CPU
		{7150B42F-1669-4A25-B2CF-A9C461632117}.Debug|iPhoneSimulator.ActiveCfg = Debug|Any CPU
		{7150B42F-1669-4A25-B2CF-A9C461632117}.Debug|iPhoneSimulator.Build.0 = Debug|Any CPU
		{7150B42F-1669-4A25-B2CF-A9C461632117}.Debug|iPhoneSimulator.Deploy.0 = Debug|Any CPU
		{7150B42F-1669-4A25-B2CF-A9C461632117}.Release|Any CPU.ActiveCfg = Release|Any CPU
		{7150B42F-1669-4A25-B2CF-A9C461632117}.Release|Any CPU.Build.0 = Release|Any CPU
		{7150B42F-1669-4A25-B2CF-A9C461632117}.Release|Any CPU.Deploy.0 = Release|Any CPU
		{7150B42F-1669-4A25-B2CF-A9C461632117}.Release|iPhone.ActiveCfg = Release|Any CPU
		{7150B42F-1669-4A25-B2CF-A9C461632117}.Release|iPhone.Build.0 = Release|Any CPU
		{7150B42F-1669-4A25-B2CF-A9C461632117}.Release|iPhone.Deploy.0 = Release|Any CPU
		{7150B42F-1669-4A25-B2CF-A9C461632117}.Release|iPhoneSimulator.ActiveCfg = Release|Any CPU
		{7150B42F-1669-4A25-B2CF-A9C461632117}.Release|iPhoneSimulator.Build.0 = Release|Any CPU
		{7150B42F-1669-4A25-B2CF-A9C461632117}.Release|iPhoneSimulator.Deploy.0 = Release|Any CPU
		{1E89597A-7F1D-4068-B894-6A55DA024146}.Ad-Hoc|Any CPU.ActiveCfg = Ad-Hoc|iPhone
		{1E89597A-7F1D-4068-B894-6A55DA024146}.Ad-Hoc|iPhone.ActiveCfg = Ad-Hoc|iPhone
		{1E89597A-7F1D-4068-B894-6A55DA024146}.Ad-Hoc|iPhone.Build.0 = Ad-Hoc|iPhone
		{1E89597A-7F1D-4068-B894-6A55DA024146}.Ad-Hoc|iPhoneSimulator.ActiveCfg = Ad-Hoc|iPhoneSimulator
		{1E89597A-7F1D-4068-B894-6A55DA024146}.Ad-Hoc|iPhoneSimulator.Build.0 = Ad-Hoc|iPhoneSimulator
		{1E89597A-7F1D-4068-B894-6A55DA024146}.AppStore|Any CPU.ActiveCfg = AppStore|iPhone
		{1E89597A-7F1D-4068-B894-6A55DA024146}.AppStore|iPhone.ActiveCfg = AppStore|iPhone
		{1E89597A-7F1D-4068-B894-6A55DA024146}.AppStore|iPhone.Build.0 = AppStore|iPhone
		{1E89597A-7F1D-4068-B894-6A55DA024146}.AppStore|iPhoneSimulator.ActiveCfg = AppStore|iPhoneSimulator
		{1E89597A-7F1D-4068-B894-6A55DA024146}.AppStore|iPhoneSimulator.Build.0 = AppStore|iPhoneSimulator
		{1E89597A-7F1D-4068-B894-6A55DA024146}.Debug|Any CPU.ActiveCfg = Debug|iPhone
		{1E89597A-7F1D-4068-B894-6A55DA024146}.Debug|iPhone.ActiveCfg = Debug|iPhone
		{1E89597A-7F1D-4068-B894-6A55DA024146}.Debug|iPhone.Build.0 = Debug|iPhone
		{1E89597A-7F1D-4068-B894-6A55DA024146}.Debug|iPhoneSimulator.ActiveCfg = Debug|iPhoneSimulator
		{1E89597A-7F1D-4068-B894-6A55DA024146}.Debug|iPhoneSimulator.Build.0 = Debug|iPhoneSimulator
		{1E89597A-7F1D-4068-B894-6A55DA024146}.Release|Any CPU.ActiveCfg = Release|iPhone
		{1E89597A-7F1D-4068-B894-6A55DA024146}.Release|iPhone.ActiveCfg = Release|iPhone
		{1E89597A-7F1D-4068-B894-6A55DA024146}.Release|iPhone.Build.0 = Release|iPhone
		{1E89597A-7F1D-4068-B894-6A55DA024146}.Release|iPhoneSimulator.ActiveCfg = Release|iPhoneSimulator
		{1E89597A-7F1D-4068-B894-6A55DA024146}.Release|iPhoneSimulator.Build.0 = Release|iPhoneSimulator
	EndGlobalSection
	GlobalSection(SolutionProperties) = preSolution
		HideSolutionNode = FALSE
	EndGlobalSection
	GlobalSection(ExtensibilityGlobals) = postSolution
		SolutionGuid = {008C1056-DA6D-4E49-B159-A8A398DA4809}
	EndGlobalSection
EndGlobal
